
Microsoft Visual Studio Solution File, Format Version 12.00
# Visual Studio Version 17
VisualStudioVersion = 17.7.34024.191
MinimumVisualStudioVersion = 10.0.40219.1
Project("{8BC9CEB8-8B4A-11D0-8D11-00A0C91BC942}") = "lab5", "lab5.vcxproj", "{F2BF8483-D4AE-471A-9D89-74EE030947CA}"
EndProject
Global
	GlobalSection(SolutionConfigurationPlatforms) = preSolution
		Debug|x64 = Debug|x64
		Debug|x86 = Debug|x86
		Release|x64 = Release|x64
		Release|x86 = Release|x86
	EndGlobalSection
	GlobalSection(ProjectConfigurationPlatforms) = postSolution
		{F2BF8483-D4AE-471A-9D89-74EE030947CA}.Debug|x64.ActiveCfg = Debug|x64
		{F2BF8483-D4AE-471A-9D89-74EE030947CA}.Debug|x64.Build.0 = Debug|x64
		{F2BF8483-D4AE-471A-9D89-74EE030947CA}.Debug|x86.ActiveCfg = Debug|Win32
		{F2BF8483-D4AE-471A-9D89-74EE030947CA}.Debug|x86.Build.0 = Debug|Win32
		{F2BF8483-D4AE-471A-9D89-74EE030947CA}.Release|x64.ActiveCfg = Release|x64
		{F2BF8483-D4AE-471A-9D89-74EE030947CA}.Release|x64.Build.0 = Release|x64
		{F2BF8483-D4AE-471A-9D89-74EE030947CA}.Release|x86.ActiveCfg = Release|Win32
		{F2BF8483-D4AE-471A-9D89-74EE030947CA}.Release|x86.Build.0 = Release|Win32
	EndGlobalSection
	GlobalSection(SolutionProperties) = preSolution
		HideSolutionNode = FALSE
	EndGlobalSection
	GlobalSection(ExtensibilityGlobals) = postSolution
		SolutionGuid = {9E279E26-F255-4A20-A8EB-CF4BA1F8EF24}
	EndGlobalSection
EndGlobal
