
Microsoft Visual Studio Solution File, Format Version 12.00
# Visual Studio Version 17
VisualStudioVersion = 17.7.34024.191
MinimumVisualStudioVersion = 10.0.40219.1
Project("{8BC9CEB8-8B4A-11D0-8D11-00A0C91BC942}") = "oop_lab2_prog", "test_project1.vcxproj", "{15469B05-69C0-46DE-8D33-70A92838B4AE}"
EndProject
Project("{8BC9CEB8-8B4A-11D0-8D11-00A0C91BC942}") = "oop_lab2_test", "..\oop_lab2_test\oop_lab2_test.vcxproj", "{FB6F601B-6E17-4CCF-BB71-EB77886CFAC7}"
EndProject
Global
	GlobalSection(SolutionConfigurationPlatforms) = preSolution
		Debug|x64 = Debug|x64
		Debug|x86 = Debug|x86
		Release|x64 = Release|x64
		Release|x86 = Release|x86
	EndGlobalSection
	GlobalSection(ProjectConfigurationPlatforms) = postSolution
		{15469B05-69C0-46DE-8D33-70A92838B4AE}.Debug|x64.ActiveCfg = Debug|x64
		{15469B05-69C0-46DE-8D33-70A92838B4AE}.Debug|x64.Build.0 = Debug|x64
		{15469B05-69C0-46DE-8D33-70A92838B4AE}.Debug|x86.ActiveCfg = Debug|Win32
		{15469B05-69C0-46DE-8D33-70A92838B4AE}.Debug|x86.Build.0 = Debug|Win32
		{15469B05-69C0-46DE-8D33-70A92838B4AE}.Release|x64.ActiveCfg = Release|x64
		{15469B05-69C0-46DE-8D33-70A92838B4AE}.Release|x64.Build.0 = Release|x64
		{15469B05-69C0-46DE-8D33-70A92838B4AE}.Release|x86.ActiveCfg = Release|Win32
		{15469B05-69C0-46DE-8D33-70A92838B4AE}.Release|x86.Build.0 = Release|Win32
		{FB6F601B-6E17-4CCF-BB71-EB77886CFAC7}.Debug|x64.ActiveCfg = Debug|x64
		{FB6F601B-6E17-4CCF-BB71-EB77886CFAC7}.Debug|x64.Build.0 = Debug|x64
		{FB6F601B-6E17-4CCF-BB71-EB77886CFAC7}.Debug|x86.ActiveCfg = Debug|Win32
		{FB6F601B-6E17-4CCF-BB71-EB77886CFAC7}.Debug|x86.Build.0 = Debug|Win32
		{FB6F601B-6E17-4CCF-BB71-EB77886CFAC7}.Release|x64.ActiveCfg = Release|x64
		{FB6F601B-6E17-4CCF-BB71-EB77886CFAC7}.Release|x64.Build.0 = Release|x64
		{FB6F601B-6E17-4CCF-BB71-EB77886CFAC7}.Release|x86.ActiveCfg = Release|Win32
		{FB6F601B-6E17-4CCF-BB71-EB77886CFAC7}.Release|x86.Build.0 = Release|Win32
	EndGlobalSection
	GlobalSection(SolutionProperties) = preSolution
		HideSolutionNode = FALSE
	EndGlobalSection
	GlobalSection(ExtensibilityGlobals) = postSolution
		SolutionGuid = {99500C18-DA62-4823-A9CC-F87074C0396D}
	EndGlobalSection
EndGlobal
